{
    "_readme": [
        "This file locks the dependencies of your project to a known state",
        "Read more about it at https://getcomposer.org/doc/01-basic-usage.md#composer-lock-the-lock-file",
        "This file is @generated automatically"
    ],
    "hash": "c6cd426154854af1bfcf7a39e0c08790",
    "content-hash": "d2f3bde581034f188c003990007605c5",
    "packages": [
        {
            "name": "adambrett/shell-wrapper",
            "version": "0.6",
            "source": {
                "type": "git",
                "url": "https://github.com/adambrett/php-shell-wrapper.git",
                "reference": "1526fbbb6756843440fc074dc1118df714ad0eb3"
            },
            "dist": {
                "type": "zip",
                "url": "https://api.github.com/repos/adambrett/php-shell-wrapper/zipball/1526fbbb6756843440fc074dc1118df714ad0eb3",
                "reference": "1526fbbb6756843440fc074dc1118df714ad0eb3",
                "shasum": ""
            },
            "require-dev": {
                "covex-nn/phpcb": "*@dev",
                "fzaninotto/faker": "*@dev",
                "mockery/mockery": "*@dev",
                "pdepend/pdepend": "*@dev",
                "phploc/phploc": "*@dev",
                "phpmd/phpmd": "*@dev",
                "phpunit/phpunit": "*@dev",
                "sebastian/phpcpd": "*@dev",
                "squizlabs/php_codesniffer": "*@dev"
            },
            "type": "library",
            "autoload": {
                "psr-4": {
                    "AdamBrett\\ShellWrapper\\": "src"
                }
            },
            "notification-url": "https://packagist.org/downloads/",
            "license": [
                "BDS-3-Clause"
            ],
            "authors": [
                {
                    "name": "Adam Brett",
                    "email": "adam@adambrett.co.uk"
                }
            ],
            "description": "An object oriented wrapper for shell commands",
            "time": "2015-11-04 10:26:58"
        },
        {
            "name": "kriswallsmith/buzz",
            "version": "v0.15",
            "source": {
                "type": "git",
                "url": "https://github.com/kriswallsmith/Buzz.git",
                "reference": "d4041666c3ffb379af02a92dabe81c904b35fab8"
            },
            "dist": {
                "type": "zip",
                "url": "https://api.github.com/repos/kriswallsmith/Buzz/zipball/d4041666c3ffb379af02a92dabe81c904b35fab8",
                "reference": "d4041666c3ffb379af02a92dabe81c904b35fab8",
                "shasum": ""
            },
            "require": {
                "php": ">=5.3.0"
            },
            "require-dev": {
                "phpunit/phpunit": "3.7.*"
            },
            "suggest": {
                "ext-curl": "*"
            },
            "type": "library",
            "autoload": {
                "psr-0": {
                    "Buzz": "lib/"
                }
            },
            "notification-url": "https://packagist.org/downloads/",
            "license": [
                "MIT"
            ],
            "authors": [
                {
                    "name": "Kris Wallsmith",
                    "email": "kris.wallsmith@gmail.com",
                    "homepage": "http://kriswallsmith.net/"
                }
            ],
            "description": "Lightweight HTTP client",
            "homepage": "https://github.com/kriswallsmith/Buzz",
            "keywords": [
                "curl",
                "http client"
            ],
            "time": "2015-06-25 17:26:56"
        },
        {
            "name": "symfony/config",
            "version": "v2.7.6",
            "source": {
                "type": "git",
                "url": "https://github.com/symfony/config.git",
                "reference": "831f88908b51b9ce945f5e6f402931d1ac544423"
            },
            "dist": {
                "type": "zip",
                "url": "https://api.github.com/repos/symfony/config/zipball/831f88908b51b9ce945f5e6f402931d1ac544423",
                "reference": "831f88908b51b9ce945f5e6f402931d1ac544423",
                "shasum": ""
            },
            "require": {
                "php": ">=5.3.9",
                "symfony/filesystem": "~2.3"
            },
            "type": "library",
            "extra": {
                "branch-alias": {
                    "dev-master": "2.7-dev"
                }
            },
            "autoload": {
                "psr-4": {
                    "Symfony\\Component\\Config\\": ""
                }
            },
            "notification-url": "https://packagist.org/downloads/",
            "license": [
                "MIT"
            ],
            "authors": [
                {
                    "name": "Fabien Potencier",
                    "email": "fabien@symfony.com"
                },
                {
                    "name": "Symfony Community",
                    "homepage": "https://symfony.com/contributors"
                }
            ],
            "description": "Symfony Config Component",
            "homepage": "https://symfony.com",
            "time": "2015-10-11 09:39:48"
        },
        {
            "name": "symfony/console",
            "version": "v2.7.6",
            "source": {
                "type": "git",
                "url": "https://github.com/symfony/console.git",
                "reference": "5efd632294c8320ea52492db22292ff853a43766"
            },
            "dist": {
                "type": "zip",
                "url": "https://api.github.com/repos/symfony/console/zipball/5efd632294c8320ea52492db22292ff853a43766",
                "reference": "5efd632294c8320ea52492db22292ff853a43766",
                "shasum": ""
            },
            "require": {
                "php": ">=5.3.9"
            },
            "require-dev": {
                "psr/log": "~1.0",
                "symfony/event-dispatcher": "~2.1",
                "symfony/process": "~2.1"
            },
            "suggest": {
                "psr/log": "For using the console logger",
                "symfony/event-dispatcher": "",
                "symfony/process": ""
            },
            "type": "library",
            "extra": {
                "branch-alias": {
                    "dev-master": "2.7-dev"
                }
            },
            "autoload": {
                "psr-4": {
                    "Symfony\\Component\\Console\\": ""
                }
            },
            "notification-url": "https://packagist.org/downloads/",
            "license": [
                "MIT"
            ],
            "authors": [
                {
                    "name": "Fabien Potencier",
                    "email": "fabien@symfony.com"
                },
                {
                    "name": "Symfony Community",
                    "homepage": "https://symfony.com/contributors"
                }
            ],
            "description": "Symfony Console Component",
            "homepage": "https://symfony.com",
            "time": "2015-10-20 14:38:46"
        },
        {
            "name": "symfony/dependency-injection",
            "version": "v2.7.6",
            "source": {
                "type": "git",
                "url": "https://github.com/symfony/dependency-injection.git",
                "reference": "af284e795ec8a08c80d1fc47518fd23004b89847"
            },
            "dist": {
                "type": "zip",
                "url": "https://api.github.com/repos/symfony/dependency-injection/zipball/af284e795ec8a08c80d1fc47518fd23004b89847",
                "reference": "af284e795ec8a08c80d1fc47518fd23004b89847",
                "shasum": ""
            },
            "require": {
                "php": ">=5.3.9"
            },
            "conflict": {
                "symfony/expression-language": "<2.6"
            },
            "require-dev": {
                "symfony/config": "~2.2",
                "symfony/expression-language": "~2.6",
                "symfony/yaml": "~2.1"
            },
            "suggest": {
                "symfony/config": "",
                "symfony/proxy-manager-bridge": "Generate service proxies to lazy load them",
                "symfony/yaml": ""
            },
            "type": "library",
            "extra": {
                "branch-alias": {
                    "dev-master": "2.7-dev"
                }
            },
            "autoload": {
                "psr-4": {
                    "Symfony\\Component\\DependencyInjection\\": ""
                }
            },
            "notification-url": "https://packagist.org/downloads/",
            "license": [
                "MIT"
            ],
            "authors": [
                {
                    "name": "Fabien Potencier",
                    "email": "fabien@symfony.com"
                },
                {
                    "name": "Symfony Community",
                    "homepage": "https://symfony.com/contributors"
                }
            ],
            "description": "Symfony DependencyInjection Component",
            "homepage": "https://symfony.com",
            "time": "2015-10-27 15:38:06"
        },
        {
            "name": "symfony/filesystem",
            "version": "v2.7.6",
            "source": {
                "type": "git",
                "url": "https://github.com/symfony/filesystem.git",
                "reference": "56fd6df73be859323ff97418d97edc1d756df6df"
            },
            "dist": {
                "type": "zip",
                "url": "https://api.github.com/repos/symfony/filesystem/zipball/56fd6df73be859323ff97418d97edc1d756df6df",
                "reference": "56fd6df73be859323ff97418d97edc1d756df6df",
                "shasum": ""
            },
            "require": {
                "php": ">=5.3.9"
            },
            "type": "library",
            "extra": {
                "branch-alias": {
                    "dev-master": "2.7-dev"
                }
            },
            "autoload": {
                "psr-4": {
                    "Symfony\\Component\\Filesystem\\": ""
                }
            },
            "notification-url": "https://packagist.org/downloads/",
            "license": [
                "MIT"
            ],
            "authors": [
                {
                    "name": "Fabien Potencier",
                    "email": "fabien@symfony.com"
                },
                {
                    "name": "Symfony Community",
                    "homepage": "https://symfony.com/contributors"
                }
            ],
            "description": "Symfony Filesystem Component",
            "homepage": "https://symfony.com",
            "time": "2015-10-18 20:23:18"
        },
        {
            "name": "symfony/yaml",
            "version": "v2.7.6",
            "source": {
                "type": "git",
                "url": "https://github.com/symfony/yaml.git",
                "reference": "eca9019c88fbe250164affd107bc8057771f3f4d"
            },
            "dist": {
                "type": "zip",
                "url": "https://api.github.com/repos/symfony/yaml/zipball/eca9019c88fbe250164affd107bc8057771f3f4d",
                "reference": "eca9019c88fbe250164affd107bc8057771f3f4d",
                "shasum": ""
            },
            "require": {
                "php": ">=5.3.9"
            },
            "type": "library",
            "extra": {
                "branch-alias": {
                    "dev-master": "2.7-dev"
                }
            },
            "autoload": {
                "psr-4": {
                    "Symfony\\Component\\Yaml\\": ""
                }
            },
            "notification-url": "https://packagist.org/downloads/",
            "license": [
                "MIT"
            ],
            "authors": [
                {
                    "name": "Fabien Potencier",
                    "email": "fabien@symfony.com"
                },
                {
                    "name": "Symfony Community",
                    "homepage": "https://symfony.com/contributors"
                }
            ],
            "description": "Symfony Yaml Component",
            "homepage": "https://symfony.com",
            "time": "2015-10-11 09:39:48"
        }
    ],
    "packages-dev": [],
    "aliases": [],
    "minimum-stability": "stable",
    "stability-flags": [],
    "prefer-stable": false,
    "prefer-lowest": false,
    "platform": {
        "php": ">=5.5.9"
    },
    "platform-dev": []
}
